
Microsoft Visual Studio Solution File, Format Version 12.00
# Visual Studio 2012
Project("{E24C65DC-7377-472B-9ABA-BC803B73C61A}") = "SalesFunnel", "http://localhost:56988", "{E3BD0B1A-80AF-4508-B03B-0A4B3647B7C8}"
	ProjectSection(WebsiteProperties) = preProject
		UseIISExpress = "true"
		TargetFrameworkMoniker = ".NETFramework,Version%3Dv4.0"
		Debug.AspNetCompiler.VirtualPath = "/SalesFunnel"
		Debug.AspNetCompiler.PhysicalPath = "SalesFunnel\"
		Debug.AspNetCompiler.TargetPath = "PrecompiledWeb\SalesFunnel\"
		Debug.AspNetCompiler.Updateable = "true"
		Debug.AspNetCompiler.ForceOverwrite = "true"
		Debug.AspNetCompiler.FixedNames = "false"
		Debug.AspNetCompiler.Debug = "True"
		Release.AspNetCompiler.VirtualPath = "/SalesFunnel"
		Release.AspNetCompiler.PhysicalPath = "SalesFunnel\"
		Release.AspNetCompiler.TargetPath = "PrecompiledWeb\SalesFunnel\"
		Release.AspNetCompiler.Updateable = "true"
		Release.AspNetCompiler.ForceOverwrite = "true"
		Release.AspNetCompiler.FixedNames = "false"
		Release.AspNetCompiler.Debug = "False"
		SlnRelativePath = "SalesFunnel\"
	EndProjectSection
EndProject
Global
	GlobalSection(SolutionConfigurationPlatforms) = preSolution
		Debug|Any CPU = Debug|Any CPU
	EndGlobalSection
	GlobalSection(ProjectConfigurationPlatforms) = postSolution
		{E3BD0B1A-80AF-4508-B03B-0A4B3647B7C8}.Debug|Any CPU.ActiveCfg = Debug|Any CPU
		{E3BD0B1A-80AF-4508-B03B-0A4B3647B7C8}.Debug|Any CPU.Build.0 = Debug|Any CPU
	EndGlobalSection
	GlobalSection(SolutionProperties) = preSolution
		HideSolutionNode = FALSE
	EndGlobalSection
EndGlobal
